
Microsoft Visual Studio Solution File, Format Version 12.00
# Visual Studio Version 17
VisualStudioVersion = 17.9.34607.119
MinimumVisualStudioVersion = 10.0.40219.1
Project("{FAE04EC0-301F-11D3-BF4B-00C04F79EFBC}") = "StatusesLib", "StatusesLib\StatusesLib.csproj", "{4150BC05-186A-466B-9A24-80F855B5FDE3}"
EndProject
Global
	GlobalSection(SolutionConfigurationPlatforms) = preSolution
		Debug|Any CPU = Debug|Any CPU
		Release|Any CPU = Release|Any CPU
	EndGlobalSection
	GlobalSection(ProjectConfigurationPlatforms) = postSolution
		{4150BC05-186A-466B-9A24-80F855B5FDE3}.Debug|Any CPU.ActiveCfg = Debug|Any CPU
		{4150BC05-186A-466B-9A24-80F855B5FDE3}.Debug|Any CPU.Build.0 = Debug|Any CPU
		{4150BC05-186A-466B-9A24-80F855B5FDE3}.Release|Any CPU.ActiveCfg = Release|Any CPU
		{4150BC05-186A-466B-9A24-80F855B5FDE3}.Release|Any CPU.Build.0 = Release|Any CPU
	EndGlobalSection
	GlobalSection(SolutionProperties) = preSolution
		HideSolutionNode = FALSE
	EndGlobalSection
	GlobalSection(ExtensibilityGlobals) = postSolution
		SolutionGuid = {5AA631B6-692D-4A55-AE10-ACCB2D983D26}
	EndGlobalSection
EndGlobal
